
Microsoft Visual Studio Solution File, Format Version 12.00
# Visual Studio Version 17
VisualStudioVersion = 17.14.36414.22
MinimumVisualStudioVersion = 10.0.40219.1
Project("{8BC9CEB8-8B4A-11D0-8D11-00A0C91BC942}") = "TimeTracker-New Entry", "TimeTracker-NewEntry\TimeTracker-New Entry.vcxproj", "{EFCC5653-CCF9-4AE3-9F72-267C363F5455}"
EndProject
Project("{8BC9CEB8-8B4A-11D0-8D11-00A0C91BC942}") = "Shared", "Shared\Shared.vcxproj", "{FC2436B9-6A66-45FF-BF96-EBDEAFB40AAF}"
EndProject
Global
	GlobalSection(SolutionConfigurationPlatforms) = preSolution
		Debug|x64 = Debug|x64
		Debug|x86 = Debug|x86
		Release|x64 = Release|x64
		Release|x86 = Release|x86
	EndGlobalSection
	GlobalSection(ProjectConfigurationPlatforms) = postSolution
		{EFCC5653-CCF9-4AE3-9F72-267C363F5455}.Debug|x64.ActiveCfg = Debug|x64
		{EFCC5653-CCF9-4AE3-9F72-267C363F5455}.Debug|x64.Build.0 = Debug|x64
		{EFCC5653-CCF9-4AE3-9F72-267C363F5455}.Debug|x86.ActiveCfg = Debug|Win32
		{EFCC5653-CCF9-4AE3-9F72-267C363F5455}.Debug|x86.Build.0 = Debug|Win32
		{EFCC5653-CCF9-4AE3-9F72-267C363F5455}.Release|x64.ActiveCfg = Release|x64
		{EFCC5653-CCF9-4AE3-9F72-267C363F5455}.Release|x64.Build.0 = Release|x64
		{EFCC5653-CCF9-4AE3-9F72-267C363F5455}.Release|x86.ActiveCfg = Release|Win32
		{EFCC5653-CCF9-4AE3-9F72-267C363F5455}.Release|x86.Build.0 = Release|Win32
		{FC2436B9-6A66-45FF-BF96-EBDEAFB40AAF}.Debug|x64.ActiveCfg = Debug|x64
		{FC2436B9-6A66-45FF-BF96-EBDEAFB40AAF}.Debug|x64.Build.0 = Debug|x64
		{FC2436B9-6A66-45FF-BF96-EBDEAFB40AAF}.Debug|x86.ActiveCfg = Debug|Win32
		{FC2436B9-6A66-45FF-BF96-EBDEAFB40AAF}.Debug|x86.Build.0 = Debug|Win32
		{FC2436B9-6A66-45FF-BF96-EBDEAFB40AAF}.Release|x64.ActiveCfg = Release|x64
		{FC2436B9-6A66-45FF-BF96-EBDEAFB40AAF}.Release|x64.Build.0 = Release|x64
		{FC2436B9-6A66-45FF-BF96-EBDEAFB40AAF}.Release|x86.ActiveCfg = Release|Win32
		{FC2436B9-6A66-45FF-BF96-EBDEAFB40AAF}.Release|x86.Build.0 = Release|Win32
	EndGlobalSection
	GlobalSection(SolutionProperties) = preSolution
		HideSolutionNode = FALSE
	EndGlobalSection
	GlobalSection(ExtensibilityGlobals) = postSolution
		SolutionGuid = {E232ECD2-78BA-4F0D-9A9E-F182089C8A06}
	EndGlobalSection
EndGlobal
