
Microsoft Visual Studio Solution File, Format Version 12.00
# Visual Studio Version 17
VisualStudioVersion = 17.14.36414.22
MinimumVisualStudioVersion = 10.0.40219.1
Project("{8BC9CEB8-8B4A-11D0-8D11-00A0C91BC942}") = "TimeTracker_NewEntry", "TimeTracker_NewEntry\TimeTracker_NewEntry.vcxproj", "{54E9A951-B1BB-462A-B3BC-18D671C1A5AF}"
EndProject
Project("{8BC9CEB8-8B4A-11D0-8D11-00A0C91BC942}") = "SharedResources", "SharedResources\SharedResources.vcxitems", "{820AE18F-BEBB-4319-AFF0-1FAFE61898B1}"
EndProject
Global
	GlobalSection(SolutionConfigurationPlatforms) = preSolution
		Debug|x64 = Debug|x64
		Debug|x86 = Debug|x86
		Release|x64 = Release|x64
		Release|x86 = Release|x86
	EndGlobalSection
	GlobalSection(ProjectConfigurationPlatforms) = postSolution
		{54E9A951-B1BB-462A-B3BC-18D671C1A5AF}.Debug|x64.ActiveCfg = Debug|x64
		{54E9A951-B1BB-462A-B3BC-18D671C1A5AF}.Debug|x64.Build.0 = Debug|x64
		{54E9A951-B1BB-462A-B3BC-18D671C1A5AF}.Debug|x86.ActiveCfg = Debug|Win32
		{54E9A951-B1BB-462A-B3BC-18D671C1A5AF}.Debug|x86.Build.0 = Debug|Win32
		{54E9A951-B1BB-462A-B3BC-18D671C1A5AF}.Release|x64.ActiveCfg = Release|x64
		{54E9A951-B1BB-462A-B3BC-18D671C1A5AF}.Release|x64.Build.0 = Release|x64
		{54E9A951-B1BB-462A-B3BC-18D671C1A5AF}.Release|x86.ActiveCfg = Release|Win32
		{54E9A951-B1BB-462A-B3BC-18D671C1A5AF}.Release|x86.Build.0 = Release|Win32
	EndGlobalSection
	GlobalSection(SolutionProperties) = preSolution
		HideSolutionNode = FALSE
	EndGlobalSection
	GlobalSection(ExtensibilityGlobals) = postSolution
		SolutionGuid = {C45FA8F2-00FE-41A5-B0F6-6DF1BEB67039}
	EndGlobalSection
	GlobalSection(SharedMSBuildProjectFiles) = preSolution
		SharedResources\SharedResources.vcxitems*{54e9a951-b1bb-462a-b3bc-18d671c1a5af}*SharedItemsImports = 4
		SharedResources\SharedResources.vcxitems*{820ae18f-bebb-4319-aff0-1fafe61898b1}*SharedItemsImports = 9
	EndGlobalSection
EndGlobal
